Microsoft Visual Studio Solution File, Format Version 12.00
# Visual Studio Version 17
VisualStudioVersion = 17.5.2.0
MinimumVisualStudioVersion = 10.0.40219.1
Project("{FAE04EC0-301F-11D3-BF4B-00C04F79EFBC}") = "ECS_Benchmark", "ECS_Benchmark.csproj", "{B040487A-12C3-FE84-3E16-13444E449456}"
EndProject
Global
	GlobalSection(SolutionConfigurationPlatforms) = preSolution
		Debug|Any CPU = Debug|Any CPU
		Release|Any CPU = Release|Any CPU
	EndGlobalSection
	GlobalSection(ProjectConfigurationPlatforms) = postSolution
		{B040487A-12C3-FE84-3E16-13444E449456}.Debug|Any CPU.ActiveCfg = Debug|Any CPU
		{B040487A-12C3-FE84-3E16-13444E449456}.Debug|Any CPU.Build.0 = Debug|Any CPU
		{B040487A-12C3-FE84-3E16-13444E449456}.Release|Any CPU.ActiveCfg = Release|Any CPU
		{B040487A-12C3-FE84-3E16-13444E449456}.Release|Any CPU.Build.0 = Release|Any CPU
	EndGlobalSection
	GlobalSection(SolutionProperties) = preSolution
		HideSolutionNode = FALSE
	EndGlobalSection
	GlobalSection(ExtensibilityGlobals) = postSolution
		SolutionGuid = {8774A5D9-B8A7-4ED4-9367-4AED5AA01A4E}
	EndGlobalSection
EndGlobal
